
Microsoft Visual Studio Solution File, Format Version 12.00
# Visual Studio 15
VisualStudioVersion = 15.0.28307.2092
MinimumVisualStudioVersion = 10.0.40219.1
Project("{FAE04EC0-301F-11D3-BF4B-00C04F79EFBC}") = "EntityFrameworkDemo", "EntityFrameworkDemo\EntityFrameworkDemo.csproj", "{DCF11FC6-78A2-4ACA-8EFA-1C6EE47542F1}"
EndProject
Global
	GlobalSection(SolutionConfigurationPlatforms) = preSolution
		Debug|Any CPU = Debug|Any CPU
		Release|Any CPU = Release|Any CPU
	EndGlobalSection
	GlobalSection(ProjectConfigurationPlatforms) = postSolution
		{DCF11FC6-78A2-4ACA-8EFA-1C6EE47542F1}.Debug|Any CPU.ActiveCfg = Debug|Any CPU
		{DCF11FC6-78A2-4ACA-8EFA-1C6EE47542F1}.Debug|Any CPU.Build.0 = Debug|Any CPU
		{DCF11FC6-78A2-4ACA-8EFA-1C6EE47542F1}.Release|Any CPU.ActiveCfg = Release|Any CPU
		{DCF11FC6-78A2-4ACA-8EFA-1C6EE47542F1}.Release|Any CPU.Build.0 = Release|Any CPU
	EndGlobalSection
	GlobalSection(SolutionProperties) = preSolution
		HideSolutionNode = FALSE
	EndGlobalSection
	GlobalSection(ExtensibilityGlobals) = postSolution
		SolutionGuid = {CD122006-7943-4475-A36B-0BD98E709BCA}
	EndGlobalSection
EndGlobal
